{
  "nodes": {
    "flakeNimbleLib": {
      "inputs": {
        "nixpkgs": [
          "nixpkgs"
        ]
      },
      "locked": {
        "lastModified": 1662018438,
        "narHash": "sha256-QtNtU6+LX3Wokxf0zlFwKTFOcn6TeDjKQZ+DA9OYtvM=",
        "owner": "riinr",
        "repo": "nim-flakes-lib",
        "rev": "b1fe8340736e3a85d25c709ac3dfd82a55c03cbf",
        "type": "github"
      },
      "original": {
        "owner": "riinr",
        "ref": "master",
        "repo": "nim-flakes-lib",
        "type": "github"
      }
    },
    "nixpkgs": {
      "locked": {
        "lastModified": 1667199707,
        "narHash": "sha256-I2Js3Y7gUyVSEXPULHlBoRek4Lh85vnevdS6mdvDNLI=",
        "owner": "NixOS",
        "repo": "nixpkgs",
        "rev": "ced197be72099edcfa68ebed8b87af7b04851f45",
        "type": "github"
      },
      "original": {
        "id": "nixpkgs",
        "type": "indirect"
      }
    },
    "root": {
      "inputs": {
        "flakeNimbleLib": "flakeNimbleLib",
        "nixpkgs": "nixpkgs",
        "shene-master": "shene-master"
      }
    },
    "shene-master": {
      "inputs": {
        "flakeNimbleLib": [
          "flakeNimbleLib"
        ],
        "nixpkgs": [
          "nixpkgs"
        ],
        "src-shene-master": "src-shene-master"
      },
      "locked": {
        "dir": "master",
        "lastModified": 1667322659,
        "narHash": "sha256-Akh2nrJucxrxuVbtf9e+5TrmaIBrib6Ti1xPj5mk3NI=",
        "owner": "nim-nix-pkgs",
        "repo": "shene",
        "rev": "088efb7b24cff3fc96e8ea7ec7df05835eb7a84b",
        "type": "github"
      },
      "original": {
        "dir": "master",
        "owner": "nim-nix-pkgs",
        "ref": "master",
        "repo": "shene",
        "type": "github"
      }
    },
    "src-shene-master": {
      "flake": false,
      "locked": {
        "lastModified": 1594179540,
        "narHash": "sha256-291ozSihPQNKRg4cXy3xstz17a8mipDuFdkOzqHc4rg=",
        "owner": "ringabout",
        "repo": "shene",
        "rev": "451dcac2a01000b09759a79dfdc07ad225579a5a",
        "type": "github"
      },
      "original": {
        "owner": "ringabout",
        "ref": "refs/heads/master",
        "repo": "shene",
        "type": "github"
      }
    }
  },
  "root": "root",
  "version": 7
}
